// !$*UTF8*$!
{
	archiveVersion = 1;
	classes = {
	};
	objectVersion = 48;
	objects = {

/* Begin PBXBuildFile section */
		2AF50F2F187C3717A2C97B38 /* libPods-XMAnnotationDemo.a in Frameworks */ = {isa = PBXBuildFile; fileRef = D7F53139445F26B345A9F4C4 /* libPods-XMAnnotationDemo.a */; };
		C309805020AC2D7500328B67 /* AppDelegate.m in Sources */ = {isa = PBXBuildFile; fileRef = C309804F20AC2D7500328B67 /* AppDelegate.m */; };
		C309805320AC2D7500328B67 /* ViewController.m in Sources */ = {isa = PBXBuildFile; fileRef = C309805220AC2D7500328B67 /* ViewController.m */; };
		C309805620AC2D7500328B67 /* Main.storyboard in Resources */ = {isa = PBXBuildFile; fileRef = C309805420AC2D7500328B67 /* Main.storyboard */; };
		C309805820AC2D7500328B67 /* Assets.xcassets in Resources */ = {isa = PBXBuildFile; fileRef = C309805720AC2D7500328B67 /* Assets.xcassets */; };
		C309805B20AC2D7500328B67 /* LaunchScreen.storyboard in Resources */ = {isa = PBXBuildFile; fileRef = C309805920AC2D7500328B67 /* LaunchScreen.storyboard */; };
		C309805E20AC2D7500328B67 /* main.m in Sources */ = {isa = PBXBuildFile; fileRef = C309805D20AC2D7500328B67 /* main.m */; };
		C309806820AC2D7500328B67 /* XMAnnotationDemoTests.m in Sources */ = {isa = PBXBuildFile; fileRef = C309806720AC2D7500328B67 /* XMAnnotationDemoTests.m */; };
		C309807320AC2D7500328B67 /* XMAnnotationDemoUITests.m in Sources */ = {isa = PBXBuildFile; fileRef = C309807220AC2D7500328B67 /* XMAnnotationDemoUITests.m */; };
		C309808220AC301B00328B67 /* AnnotationViewController.m in Sources */ = {isa = PBXBuildFile; fileRef = C309808120AC301B00328B67 /* AnnotationViewController.m */; };
		C309808620AD14E400328B67 /* MainTabBarVC.m in Sources */ = {isa = PBXBuildFile; fileRef = C309808520AD14E400328B67 /* MainTabBarVC.m */; };
		C309808920AD156A00328B67 /* JXNavigationController.m in Sources */ = {isa = PBXBuildFile; fileRef = C309808820AD156900328B67 /* JXNavigationController.m */; };
		C309808C20AD15C100328B67 /* UIBarButtonItem+CustomStyle.m in Sources */ = {isa = PBXBuildFile; fileRef = C309808B20AD15C000328B67 /* UIBarButtonItem+CustomStyle.m */; };
		C309808F20AD57ED00328B67 /* XMAnnotationView.m in Sources */ = {isa = PBXBuildFile; fileRef = C309808E20AD57ED00328B67 /* XMAnnotationView.m */; };
		C341727F20F7803A008F2954 /* UIImage+Utilitly.m in Sources */ = {isa = PBXBuildFile; fileRef = C341727E20F78039008F2954 /* UIImage+Utilitly.m */; };
		C36E3D5A2102F0D2000C9975 /* UIImage+FixOrientation.m in Sources */ = {isa = PBXBuildFile; fileRef = C36E3D592102F0D2000C9975 /* UIImage+FixOrientation.m */; };
		C36E3D5E210358D6000C9975 /* XMBackgroundView.m in Sources */ = {isa = PBXBuildFile; fileRef = C36E3D5D210358D6000C9975 /* XMBackgroundView.m */; };
		C3D830BF20F8A4AB00671993 /* NSObject+Runtime.m in Sources */ = {isa = PBXBuildFile; fileRef = C3D830BE20F8A4AB00671993 /* NSObject+Runtime.m */; };
		C3D830C220F9C53600671993 /* NSArray+Safety.m in Sources */ = {isa = PBXBuildFile; fileRef = C3D830C120F9C53600671993 /* NSArray+Safety.m */; };
		C3D830CB20FAE58500671993 /* NSString+RectSize.m in Sources */ = {isa = PBXBuildFile; fileRef = C3D830C920FAE58500671993 /* NSString+RectSize.m */; };
		C3F417B620AD7ED80036B3A7 /* XMAnnotationInfo.m in Sources */ = {isa = PBXBuildFile; fileRef = C3F417B520AD7ED80036B3A7 /* XMAnnotationInfo.m */; };
		C3F417BD20AE6B960036B3A7 /* XMMatrix.m in Sources */ = {isa = PBXBuildFile; fileRef = C3F417BC20AE6B960036B3A7 /* XMMatrix.m */; };
		C3F417C020AE6BA60036B3A7 /* XMVector.m in Sources */ = {isa = PBXBuildFile; fileRef = C3F417BF20AE6BA60036B3A7 /* XMVector.m */; };
		C3F417D420AEA7260036B3A7 /* XMCalculate.m in Sources */ = {isa = PBXBuildFile; fileRef = C3F417D320AEA7260036B3A7 /* XMCalculate.m */; };
/* End PBXBuildFile section */

/* Begin PBXContainerItemProxy section */
		C309806420AC2D7500328B67 /* PBXContainerItemProxy */ = {
			isa = PBXContainerItemProxy;
			containerPortal = C309804320AC2D7500328B67 /* Project object */;
			proxyType = 1;
			remoteGlobalIDString = C309804A20AC2D7500328B67;
			remoteInfo = XMAnnotationDemo;
		};
		C309806F20AC2D7500328B67 /* PBXContainerItemProxy */ = {
			isa = PBXContainerItemProxy;
			containerPortal = C309804320AC2D7500328B67 /* Project object */;
			proxyType = 1;
			remoteGlobalIDString = C309804A20AC2D7500328B67;
			remoteInfo = XMAnnotationDemo;
		};
/* End PBXContainerItemProxy section */

/* Begin PBXFileReference section */
		60E210D3036AF75064799AE4 /* Pods-XMAnnotationDemo.release.xcconfig */ = {isa = PBXFileReference; includeInIndex = 1; lastKnownFileType = text.xcconfig; name = "Pods-XMAnnotationDemo.release.xcconfig"; path = "Pods/Target Support Files/Pods-XMAnnotationDemo/Pods-XMAnnotationDemo.release.xcconfig"; sourceTree = "<group>"; };
		9C85C2FFC42277195867B40B /* Pods-XMAnnotationDemo.debug.xcconfig */ = {isa = PBXFileReference; includeInIndex = 1; lastKnownFileType = text.xcconfig; name = "Pods-XMAnnotationDemo.debug.xcconfig"; path = "Pods/Target Support Files/Pods-XMAnnotationDemo/Pods-XMAnnotationDemo.debug.xcconfig"; sourceTree = "<group>"; };
		C309804B20AC2D7500328B67 /* XMAnnotationDemo.app */ = {isa = PBXFileReference; explicitFileType = wrapper.application; includeInIndex = 0; path = XMAnnotationDemo.app; sourceTree = BUILT_PRODUCTS_DIR; };
		C309804E20AC2D7500328B67 /* AppDelegate.h */ = {isa = PBXFileReference; lastKnownFileType = sourcecode.c.h; path = AppDelegate.h; sourceTree = "<group>"; };
		C309804F20AC2D7500328B67 /* AppDelegate.m */ = {isa = PBXFileReference; lastKnownFileType = sourcecode.c.objc; path = AppDelegate.m; sourceTree = "<group>"; };
		C309805120AC2D7500328B67 /* ViewController.h */ = {isa = PBXFileReference; lastKnownFileType = sourcecode.c.h; path = ViewController.h; sourceTree = "<group>"; };
		C309805220AC2D7500328B67 /* ViewController.m */ = {isa = PBXFileReference; lastKnownFileType = sourcecode.c.objc; path = ViewController.m; sourceTree = "<group>"; };
		C309805520AC2D7500328B67 /* Base */ = {isa = PBXFileReference; lastKnownFileType = file.storyboard; name = Base; path = Base.lproj/Main.storyboard; sourceTree = "<group>"; };
		C309805720AC2D7500328B67 /* Assets.xcassets */ = {isa = PBXFileReference; lastKnownFileType = folder.assetcatalog; path = Assets.xcassets; sourceTree = "<group>"; };
		C309805A20AC2D7500328B67 /* Base */ = {isa = PBXFileReference; lastKnownFileType = file.storyboard; name = Base; path = Base.lproj/LaunchScreen.storyboard; sourceTree = "<group>"; };
		C309805C20AC2D7500328B67 /* Info.plist */ = {isa = PBXFileReference; lastKnownFileType = text.plist.xml; path = Info.plist; sourceTree = "<group>"; };
		C309805D20AC2D7500328B67 /* main.m */ = {isa = PBXFileReference; lastKnownFileType = sourcecode.c.objc; path = main.m; sourceTree = "<group>"; };
		C309806320AC2D7500328B67 /* XMAnnotationDemoTests.xctest */ = {isa = PBXFileReference; explicitFileType = wrapper.cfbundle; includeInIndex = 0; path = XMAnnotationDemoTests.xctest; sourceTree = BUILT_PRODUCTS_DIR; };
		C309806720AC2D7500328B67 /* XMAnnotationDemoTests.m */ = {isa = PBXFileReference; lastKnownFileType = sourcecode.c.objc; path = XMAnnotationDemoTests.m; sourceTree = "<group>"; };
		C309806920AC2D7500328B67 /* Info.plist */ = {isa = PBXFileReference; lastKnownFileType = text.plist.xml; path = Info.plist; sourceTree = "<group>"; };
		C309806E20AC2D7500328B67 /* XMAnnotationDemoUITests.xctest */ = {isa = PBXFileReference; explicitFileType = wrapper.cfbundle; includeInIndex = 0; path = XMAnnotationDemoUITests.xctest; sourceTree = BUILT_PRODUCTS_DIR; };
		C309807220AC2D7500328B67 /* XMAnnotationDemoUITests.m */ = {isa = PBXFileReference; lastKnownFileType = sourcecode.c.objc; path = XMAnnotationDemoUITests.m; sourceTree = "<group>"; };
		C309807420AC2D7500328B67 /* Info.plist */ = {isa = PBXFileReference; lastKnownFileType = text.plist.xml; path = Info.plist; sourceTree = "<group>"; };
		C309808020AC301B00328B67 /* AnnotationViewController.h */ = {isa = PBXFileReference; lastKnownFileType = sourcecode.c.h; path = AnnotationViewController.h; sourceTree = "<group>"; };
		C309808120AC301B00328B67 /* AnnotationViewController.m */ = {isa = PBXFileReference; lastKnownFileType = sourcecode.c.objc; path = AnnotationViewController.m; sourceTree = "<group>"; };
		C309808320AD111700328B67 /* prefixHeader.h */ = {isa = PBXFileReference; lastKnownFileType = sourcecode.c.h; path = prefixHeader.h; sourceTree = "<group>"; };
		C309808420AD14E400328B67 /* MainTabBarVC.h */ = {isa = PBXFileReference; fileEncoding = 4; lastKnownFileType = sourcecode.c.h; path = MainTabBarVC.h; sourceTree = "<group>"; };
		C309808520AD14E400328B67 /* MainTabBarVC.m */ = {isa = PBXFileReference; fileEncoding = 4; lastKnownFileType = sourcecode.c.objc; path = MainTabBarVC.m; sourceTree = "<group>"; };
		C309808720AD156900328B67 /* JXNavigationController.h */ = {isa = PBXFileReference; fileEncoding = 4; lastKnownFileType = sourcecode.c.h; path = JXNavigationController.h; sourceTree = "<group>"; };
		C309808820AD156900328B67 /* JXNavigationController.m */ = {isa = PBXFileReference; fileEncoding = 4; lastKnownFileType = sourcecode.c.objc; path = JXNavigationController.m; sourceTree = "<group>"; };
		C309808A20AD15C000328B67 /* UIBarButtonItem+CustomStyle.h */ = {isa = PBXFileReference; fileEncoding = 4; lastKnownFileType = sourcecode.c.h; path = "UIBarButtonItem+CustomStyle.h"; sourceTree = "<group>"; };
		C309808B20AD15C000328B67 /* UIBarButtonItem+CustomStyle.m */ = {isa = PBXFileReference; fileEncoding = 4; lastKnownFileType = sourcecode.c.objc; path = "UIBarButtonItem+CustomStyle.m"; sourceTree = "<group>"; };
		C309808D20AD57ED00328B67 /* XMAnnotationView.h */ = {isa = PBXFileReference; lastKnownFileType = sourcecode.c.h; path = XMAnnotationView.h; sourceTree = "<group>"; };
		C309808E20AD57ED00328B67 /* XMAnnotationView.m */ = {isa = PBXFileReference; lastKnownFileType = sourcecode.c.objc; path = XMAnnotationView.m; sourceTree = "<group>"; };
		C341727D20F78039008F2954 /* UIImage+Utilitly.h */ = {isa = PBXFileReference; lastKnownFileType = sourcecode.c.h; path = "UIImage+Utilitly.h"; sourceTree = "<group>"; };
		C341727E20F78039008F2954 /* UIImage+Utilitly.m */ = {isa = PBXFileReference; lastKnownFileType = sourcecode.c.objc; path = "UIImage+Utilitly.m"; sourceTree = "<group>"; };
		C36E3D582102F0D2000C9975 /* UIImage+FixOrientation.h */ = {isa = PBXFileReference; lastKnownFileType = sourcecode.c.h; path = "UIImage+FixOrientation.h"; sourceTree = "<group>"; };
		C36E3D592102F0D2000C9975 /* UIImage+FixOrientation.m */ = {isa = PBXFileReference; lastKnownFileType = sourcecode.c.objc; path = "UIImage+FixOrientation.m"; sourceTree = "<group>"; };
		C36E3D5C210358D6000C9975 /* XMBackgroundView.h */ = {isa = PBXFileReference; lastKnownFileType = sourcecode.c.h; path = XMBackgroundView.h; sourceTree = "<group>"; };
		C36E3D5D210358D6000C9975 /* XMBackgroundView.m */ = {isa = PBXFileReference; lastKnownFileType = sourcecode.c.objc; path = XMBackgroundView.m; sourceTree = "<group>"; };
		C3D830BD20F8A4AB00671993 /* NSObject+Runtime.h */ = {isa = PBXFileReference; lastKnownFileType = sourcecode.c.h; path = "NSObject+Runtime.h"; sourceTree = "<group>"; };
		C3D830BE20F8A4AB00671993 /* NSObject+Runtime.m */ = {isa = PBXFileReference; lastKnownFileType = sourcecode.c.objc; path = "NSObject+Runtime.m"; sourceTree = "<group>"; };
		C3D830C020F9C53600671993 /* NSArray+Safety.h */ = {isa = PBXFileReference; lastKnownFileType = sourcecode.c.h; path = "NSArray+Safety.h"; sourceTree = "<group>"; };
		C3D830C120F9C53600671993 /* NSArray+Safety.m */ = {isa = PBXFileReference; lastKnownFileType = sourcecode.c.objc; path = "NSArray+Safety.m"; sourceTree = "<group>"; };
		C3D830C920FAE58500671993 /* NSString+RectSize.m */ = {isa = PBXFileReference; fileEncoding = 4; lastKnownFileType = sourcecode.c.objc; path = "NSString+RectSize.m"; sourceTree = "<group>"; };
		C3D830CA20FAE58500671993 /* NSString+RectSize.h */ = {isa = PBXFileReference; fileEncoding = 4; lastKnownFileType = sourcecode.c.h; path = "NSString+RectSize.h"; sourceTree = "<group>"; };
		C3F417B420AD7ED80036B3A7 /* XMAnnotationInfo.h */ = {isa = PBXFileReference; lastKnownFileType = sourcecode.c.h; path = XMAnnotationInfo.h; sourceTree = "<group>"; };
		C3F417B520AD7ED80036B3A7 /* XMAnnotationInfo.m */ = {isa = PBXFileReference; lastKnownFileType = sourcecode.c.objc; path = XMAnnotationInfo.m; sourceTree = "<group>"; };
		C3F417BA20AE67010036B3A7 /* Constant.h */ = {isa = PBXFileReference; lastKnownFileType = sourcecode.c.h; path = Constant.h; sourceTree = "<group>"; };
		C3F417BB20AE6B960036B3A7 /* XMMatrix.h */ = {isa = PBXFileReference; lastKnownFileType = sourcecode.c.h; path = XMMatrix.h; sourceTree = "<group>"; };
		C3F417BC20AE6B960036B3A7 /* XMMatrix.m */ = {isa = PBXFileReference; lastKnownFileType = sourcecode.c.objc; path = XMMatrix.m; sourceTree = "<group>"; };
		C3F417BE20AE6BA60036B3A7 /* XMVector.h */ = {isa = PBXFileReference; lastKnownFileType = sourcecode.c.h; path = XMVector.h; sourceTree = "<group>"; };
		C3F417BF20AE6BA60036B3A7 /* XMVector.m */ = {isa = PBXFileReference; lastKnownFileType = sourcecode.c.objc; path = XMVector.m; sourceTree = "<group>"; };
		C3F417D220AEA7260036B3A7 /* XMCalculate.h */ = {isa = PBXFileReference; lastKnownFileType = sourcecode.c.h; path = XMCalculate.h; sourceTree = "<group>"; };
		C3F417D320AEA7260036B3A7 /* XMCalculate.m */ = {isa = PBXFileReference; lastKnownFileType = sourcecode.c.objc; path = XMCalculate.m; sourceTree = "<group>"; };
		D7F53139445F26B345A9F4C4 /* libPods-XMAnnotationDemo.a */ = {isa = PBXFileReference; explicitFileType = archive.ar; includeInIndex = 0; path = "libPods-XMAnnotationDemo.a"; sourceTree = BUILT_PRODUCTS_DIR; };
/* End PBXFileReference section */

/* Begin PBXFrameworksBuildPhase section */
		C309804820AC2D7500328B67 /* Frameworks */ = {
			isa = PBXFrameworksBuildPhase;
			buildActionMask = 2147483647;
			files = (
				2AF50F2F187C3717A2C97B38 /* libPods-XMAnnotationDemo.a in Frameworks */,
			);
			runOnlyForDeploymentPostprocessing = 0;
		};
		C309806020AC2D7500328B67 /* Frameworks */ = {
			isa = PBXFrameworksBuildPhase;
			buildActionMask = 2147483647;
			files = (
			);
			runOnlyForDeploymentPostprocessing = 0;
		};
		C309806B20AC2D7500328B67 /* Frameworks */ = {
			isa = PBXFrameworksBuildPhase;
			buildActionMask = 2147483647;
			files = (
			);
			runOnlyForDeploymentPostprocessing = 0;
		};
/* End PBXFrameworksBuildPhase section */

/* Begin PBXGroup section */
		3F0106296DAE54A765BC1F2E /* Frameworks */ = {
			isa = PBXGroup;
			children = (
				D7F53139445F26B345A9F4C4 /* libPods-XMAnnotationDemo.a */,
			);
			name = Frameworks;
			sourceTree = "<group>";
		};
		C309804220AC2D7500328B67 = {
			isa = PBXGroup;
			children = (
				C309804D20AC2D7500328B67 /* XMAnnotationDemo */,
				C309806620AC2D7500328B67 /* XMAnnotationDemoTests */,
				C309807120AC2D7500328B67 /* XMAnnotationDemoUITests */,
				C309804C20AC2D7500328B67 /* Products */,
				E3A7856F5416BC3883C67915 /* Pods */,
				3F0106296DAE54A765BC1F2E /* Frameworks */,
			);
			sourceTree = "<group>";
		};
		C309804C20AC2D7500328B67 /* Products */ = {
			isa = PBXGroup;
			children = (
				C309804B20AC2D7500328B67 /* XMAnnotationDemo.app */,
				C309806320AC2D7500328B67 /* XMAnnotationDemoTests.xctest */,
				C309806E20AC2D7500328B67 /* XMAnnotationDemoUITests.xctest */,
			);
			name = Products;
			sourceTree = "<group>";
		};
		C309804D20AC2D7500328B67 /* XMAnnotationDemo */ = {
			isa = PBXGroup;
			children = (
				C36E3D5B2102F56B000C9975 /* QFKit */,
				C3D830CC20FAE59D00671993 /* Header */,
				C3D830C520F9C5E900671993 /* Model */,
				C3D830C420F9C59F00671993 /* Component */,
				C3D830C320F9C57800671993 /* VC */,
				C341727C20F78006008F2954 /* Category */,
				C309804E20AC2D7500328B67 /* AppDelegate.h */,
				C309804F20AC2D7500328B67 /* AppDelegate.m */,
				C309805420AC2D7500328B67 /* Main.storyboard */,
				C309805720AC2D7500328B67 /* Assets.xcassets */,
				C309805920AC2D7500328B67 /* LaunchScreen.storyboard */,
				C309805C20AC2D7500328B67 /* Info.plist */,
				C309805D20AC2D7500328B67 /* main.m */,
			);
			path = XMAnnotationDemo;
			sourceTree = "<group>";
		};
		C309806620AC2D7500328B67 /* XMAnnotationDemoTests */ = {
			isa = PBXGroup;
			children = (
				C309806720AC2D7500328B67 /* XMAnnotationDemoTests.m */,
				C309806920AC2D7500328B67 /* Info.plist */,
			);
			path = XMAnnotationDemoTests;
			sourceTree = "<group>";
		};
		C309807120AC2D7500328B67 /* XMAnnotationDemoUITests */ = {
			isa = PBXGroup;
			children = (
				C309807220AC2D7500328B67 /* XMAnnotationDemoUITests.m */,
				C309807420AC2D7500328B67 /* Info.plist */,
			);
			path = XMAnnotationDemoUITests;
			sourceTree = "<group>";
		};
		C341727C20F78006008F2954 /* Category */ = {
			isa = PBXGroup;
			children = (
				C3D830CA20FAE58500671993 /* NSString+RectSize.h */,
				C3D830C920FAE58500671993 /* NSString+RectSize.m */,
				C309808A20AD15C000328B67 /* UIBarButtonItem+CustomStyle.h */,
				C309808B20AD15C000328B67 /* UIBarButtonItem+CustomStyle.m */,
				C341727D20F78039008F2954 /* UIImage+Utilitly.h */,
				C341727E20F78039008F2954 /* UIImage+Utilitly.m */,
				C3D830BD20F8A4AB00671993 /* NSObject+Runtime.h */,
				C3D830BE20F8A4AB00671993 /* NSObject+Runtime.m */,
				C3D830C020F9C53600671993 /* NSArray+Safety.h */,
				C3D830C120F9C53600671993 /* NSArray+Safety.m */,
				C36E3D582102F0D2000C9975 /* UIImage+FixOrientation.h */,
				C36E3D592102F0D2000C9975 /* UIImage+FixOrientation.m */,
			);
			path = Category;
			sourceTree = "<group>";
		};
		C36E3D5B2102F56B000C9975 /* QFKit */ = {
			isa = PBXGroup;
			children = (
			);
			path = QFKit;
			sourceTree = "<group>";
		};
		C3D830C320F9C57800671993 /* VC */ = {
			isa = PBXGroup;
			children = (
				C309808720AD156900328B67 /* JXNavigationController.h */,
				C309808820AD156900328B67 /* JXNavigationController.m */,
				C309808420AD14E400328B67 /* MainTabBarVC.h */,
				C309808520AD14E400328B67 /* MainTabBarVC.m */,
				C309805120AC2D7500328B67 /* ViewController.h */,
				C309805220AC2D7500328B67 /* ViewController.m */,
				C309808020AC301B00328B67 /* AnnotationViewController.h */,
				C309808120AC301B00328B67 /* AnnotationViewController.m */,
			);
			path = VC;
			sourceTree = "<group>";
		};
		C3D830C420F9C59F00671993 /* Component */ = {
			isa = PBXGroup;
			children = (
				C309808D20AD57ED00328B67 /* XMAnnotationView.h */,
				C309808E20AD57ED00328B67 /* XMAnnotationView.m */,
				C36E3D5C210358D6000C9975 /* XMBackgroundView.h */,
				C36E3D5D210358D6000C9975 /* XMBackgroundView.m */,
			);
			path = Component;
			sourceTree = "<group>";
		};
		C3D830C520F9C5E900671993 /* Model */ = {
			isa = PBXGroup;
			children = (
				C3F417B420AD7ED80036B3A7 /* XMAnnotationInfo.h */,
				C3F417B520AD7ED80036B3A7 /* XMAnnotationInfo.m */,
				C3F417BB20AE6B960036B3A7 /* XMMatrix.h */,
				C3F417BC20AE6B960036B3A7 /* XMMatrix.m */,
				C3F417BE20AE6BA60036B3A7 /* XMVector.h */,
				C3F417BF20AE6BA60036B3A7 /* XMVector.m */,
				C3F417D220AEA7260036B3A7 /* XMCalculate.h */,
				C3F417D320AEA7260036B3A7 /* XMCalculate.m */,
			);
			path = Model;
			sourceTree = "<group>";
		};
		C3D830CC20FAE59D00671993 /* Header */ = {
			isa = PBXGroup;
			children = (
				C309808320AD111700328B67 /* prefixHeader.h */,
				C3F417BA20AE67010036B3A7 /* Constant.h */,
			);
			path = Header;
			sourceTree = "<group>";
		};
		E3A7856F5416BC3883C67915 /* Pods */ = {
			isa = PBXGroup;
			children = (
				9C85C2FFC42277195867B40B /* Pods-XMAnnotationDemo.debug.xcconfig */,
				60E210D3036AF75064799AE4 /* Pods-XMAnnotationDemo.release.xcconfig */,
			);
			name = Pods;
			sourceTree = "<group>";
		};
/* End PBXGroup section */

/* Begin PBXNativeTarget section */
		C309804A20AC2D7500328B67 /* XMAnnotationDemo */ = {
			isa = PBXNativeTarget;
			buildConfigurationList = C309807720AC2D7500328B67 /* Build configuration list for PBXNativeTarget "XMAnnotationDemo" */;
			buildPhases = (
				9A4FE771E478AA4F1A8690A9 /* [CP] Check Pods Manifest.lock */,
				C309804720AC2D7500328B67 /* Sources */,
				C309804820AC2D7500328B67 /* Frameworks */,
				C309804920AC2D7500328B67 /* Resources */,
				91C09166FAF3A83DD789C1B5 /* [CP] Embed Pods Frameworks */,
				86A3BE98C54736997D081620 /* [CP] Copy Pods Resources */,
			);
			buildRules = (
			);
			dependencies = (
			);
			name = XMAnnotationDemo;
			productName = XMAnnotationDemo;
			productReference = C309804B20AC2D7500328B67 /* XMAnnotationDemo.app */;
			productType = "com.apple.product-type.application";
		};
		C309806220AC2D7500328B67 /* XMAnnotationDemoTests */ = {
			isa = PBXNativeTarget;
			buildConfigurationList = C309807A20AC2D7500328B67 /* Build configuration list for PBXNativeTarget "XMAnnotationDemoTests" */;
			buildPhases = (
				C309805F20AC2D7500328B67 /* Sources */,
				C309806020AC2D7500328B67 /* Frameworks */,
				C309806120AC2D7500328B67 /* Resources */,
			);
			buildRules = (
			);
			dependencies = (
				C309806520AC2D7500328B67 /* PBXTargetDependency */,
			);
			name = XMAnnotationDemoTests;
			productName = XMAnnotationDemoTests;
			productReference = C309806320AC2D7500328B67 /* XMAnnotationDemoTests.xctest */;
			productType = "com.apple.product-type.bundle.unit-test";
		};
		C309806D20AC2D7500328B67 /* XMAnnotationDemoUITests */ = {
			isa = PBXNativeTarget;
			buildConfigurationList = C309807D20AC2D7500328B67 /* Build configuration list for PBXNativeTarget "XMAnnotationDemoUITests" */;
			buildPhases = (
				C309806A20AC2D7500328B67 /* Sources */,
				C309806B20AC2D7500328B67 /* Frameworks */,
				C309806C20AC2D7500328B67 /* Resources */,
			);
			buildRules = (
			);
			dependencies = (
				C309807020AC2D7500328B67 /* PBXTargetDependency */,
			);
			name = XMAnnotationDemoUITests;
			productName = XMAnnotationDemoUITests;
			productReference = C309806E20AC2D7500328B67 /* XMAnnotationDemoUITests.xctest */;
			productType = "com.apple.product-type.bundle.ui-testing";
		};
/* End PBXNativeTarget section */

/* Begin PBXProject section */
		C309804320AC2D7500328B67 /* Project object */ = {
			isa = PBXProject;
			attributes = {
				LastUpgradeCheck = 0920;
				ORGANIZATIONNAME = fuqi;
				TargetAttributes = {
					C309804A20AC2D7500328B67 = {
						CreatedOnToolsVersion = 9.2;
						ProvisioningStyle = Automatic;
					};
					C309806220AC2D7500328B67 = {
						CreatedOnToolsVersion = 9.2;
						ProvisioningStyle = Automatic;
						TestTargetID = C309804A20AC2D7500328B67;
					};
					C309806D20AC2D7500328B67 = {
						CreatedOnToolsVersion = 9.2;
						ProvisioningStyle = Automatic;
						TestTargetID = C309804A20AC2D7500328B67;
					};
				};
			};
			buildConfigurationList = C309804620AC2D7500328B67 /* Build configuration list for PBXProject "XMAnnotationDemo" */;
			compatibilityVersion = "Xcode 8.0";
			developmentRegion = en;
			hasScannedForEncodings = 0;
			knownRegions = (
				en,
				Base,
			);
			mainGroup = C309804220AC2D7500328B67;
			productRefGroup = C309804C20AC2D7500328B67 /* Products */;
			projectDirPath = "";
			projectRoot = "";
			targets = (
				C309804A20AC2D7500328B67 /* XMAnnotationDemo */,
				C309806220AC2D7500328B67 /* XMAnnotationDemoTests */,
				C309806D20AC2D7500328B67 /* XMAnnotationDemoUITests */,
			);
		};
/* End PBXProject section */

/* Begin PBXResourcesBuildPhase section */
		C309804920AC2D7500328B67 /* Resources */ = {
			isa = PBXResourcesBuildPhase;
			buildActionMask = 2147483647;
			files = (
				C309805B20AC2D7500328B67 /* LaunchScreen.storyboard in Resources */,
				C309805820AC2D7500328B67 /* Assets.xcassets in Resources */,
				C309805620AC2D7500328B67 /* Main.storyboard in Resources */,
			);
			runOnlyForDeploymentPostprocessing = 0;
		};
		C309806120AC2D7500328B67 /* Resources */ = {
			isa = PBXResourcesBuildPhase;
			buildActionMask = 2147483647;
			files = (
			);
			runOnlyForDeploymentPostprocessing = 0;
		};
		C309806C20AC2D7500328B67 /* Resources */ = {
			isa = PBXResourcesBuildPhase;
			buildActionMask = 2147483647;
			files = (
			);
			runOnlyForDeploymentPostprocessing = 0;
		};
/* End PBXResourcesBuildPhase section */

/* Begin PBXShellScriptBuildPhase section */
		86A3BE98C54736997D081620 /* [CP] Copy Pods Resources */ = {
			isa = PBXShellScriptBuildPhase;
			buildActionMask = 2147483647;
			files = (
			);
			inputPaths = (
				"${SRCROOT}/Pods/Target Support Files/Pods-XMAnnotationDemo/Pods-XMAnnotationDemo-resources.sh",
				"${PODS_ROOT}/UI7Kit/Resources/PopoverBackgroundArrowDown.png",
				"${PODS_ROOT}/UI7Kit/Resources/PopoverBackgroundArrowDown@2x.png",
				"${PODS_ROOT}/UI7Kit/Resources/PopoverBackgroundArrowDownRight.png",
				"${PODS_ROOT}/UI7Kit/Resources/PopoverBackgroundArrowDownRight@2x.png",
				"${PODS_ROOT}/UI7Kit/Resources/PopoverBackgroundArrowSide.png",
				"${PODS_ROOT}/UI7Kit/Resources/PopoverBackgroundArrowSide@2x.png",
				"${PODS_ROOT}/UI7Kit/Resources/PopoverBackgroundArrowSideBottom.png",
				"${PODS_ROOT}/UI7Kit/Resources/PopoverBackgroundArrowSideBottom@2x.png",
				"${PODS_ROOT}/UI7Kit/Resources/PopoverBackgroundArrowSideTop.png",
				"${PODS_ROOT}/UI7Kit/Resources/PopoverBackgroundArrowSideTop@2x.png",
				"${PODS_ROOT}/UI7Kit/Resources/PopoverBackgroundArrowUp.png",
				"${PODS_ROOT}/UI7Kit/Resources/PopoverBackgroundArrowUp@2x.png",
				"${PODS_ROOT}/UI7Kit/Resources/PopoverBackgroundArrowUpRight.png",
				"${PODS_ROOT}/UI7Kit/Resources/PopoverBackgroundArrowUpRight@2x.png",
				"${PODS_ROOT}/UI7Kit/Resources/UI7NavigationBarBackButton.png",
				"${PODS_ROOT}/UI7Kit/Resources/UI7NavigationBarBackButton@2x.png",
				"${PODS_ROOT}/UI7Kit/Resources/UI7SliderThumb.png",
				"${PODS_ROOT}/UI7Kit/Resources/UI7SliderThumb@2x.png",
				"${PODS_ROOT}/UI7Kit/Resources/UITabBarMostRecentTemplate.png",
				"${PODS_ROOT}/UI7Kit/Resources/UITabBarMostRecentTemplate@2x.png",
			);
			name = "[CP] Copy Pods Resources";
			outputPaths = (
				"${TARGET_BUILD_DIR}/${UNLOCALIZED_RESOURCES_FOLDER_PATH}/PopoverBackgroundArrowDown.png",
				"${TARGET_BUILD_DIR}/${UNLOCALIZED_RESOURCES_FOLDER_PATH}/PopoverBackgroundArrowDown@2x.png",
				"${TARGET_BUILD_DIR}/${UNLOCALIZED_RESOURCES_FOLDER_PATH}/PopoverBackgroundArrowDownRight.png",
				"${TARGET_BUILD_DIR}/${UNLOCALIZED_RESOURCES_FOLDER_PATH}/PopoverBackgroundArrowDownRight@2x.png",
				"${TARGET_BUILD_DIR}/${UNLOCALIZED_RESOURCES_FOLDER_PATH}/PopoverBackgroundArrowSide.png",
				"${TARGET_BUILD_DIR}/${UNLOCALIZED_RESOURCES_FOLDER_PATH}/PopoverBackgroundArrowSide@2x.png",
				"${TARGET_BUILD_DIR}/${UNLOCALIZED_RESOURCES_FOLDER_PATH}/PopoverBackgroundArrowSideBottom.png",
				"${TARGET_BUILD_DIR}/${UNLOCALIZED_RESOURCES_FOLDER_PATH}/PopoverBackgroundArrowSideBottom@2x.png",
				"${TARGET_BUILD_DIR}/${UNLOCALIZED_RESOURCES_FOLDER_PATH}/PopoverBackgroundArrowSideTop.png",
				"${TARGET_BUILD_DIR}/${UNLOCALIZED_RESOURCES_FOLDER_PATH}/PopoverBackgroundArrowSideTop@2x.png",
				"${TARGET_BUILD_DIR}/${UNLOCALIZED_RESOURCES_FOLDER_PATH}/PopoverBackgroundArrowUp.png",
				"${TARGET_BUILD_DIR}/${UNLOCALIZED_RESOURCES_FOLDER_PATH}/PopoverBackgroundArrowUp@2x.png",
				"${TARGET_BUILD_DIR}/${UNLOCALIZED_RESOURCES_FOLDER_PATH}/PopoverBackgroundArrowUpRight.png",
				"${TARGET_BUILD_DIR}/${UNLOCALIZED_RESOURCES_FOLDER_PATH}/PopoverBackgroundArrowUpRight@2x.png",
				"${TARGET_BUILD_DIR}/${UNLOCALIZED_RESOURCES_FOLDER_PATH}/UI7NavigationBarBackButton.png",
				"${TARGET_BUILD_DIR}/${UNLOCALIZED_RESOURCES_FOLDER_PATH}/UI7NavigationBarBackButton@2x.png",
				"${TARGET_BUILD_DIR}/${UNLOCALIZED_RESOURCES_FOLDER_PATH}/UI7SliderThumb.png",
				"${TARGET_BUILD_DIR}/${UNLOCALIZED_RESOURCES_FOLDER_PATH}/UI7SliderThumb@2x.png",
				"${TARGET_BUILD_DIR}/${UNLOCALIZED_RESOURCES_FOLDER_PATH}/UITabBarMostRecentTemplate.png",
				"${TARGET_BUILD_DIR}/${UNLOCALIZED_RESOURCES_FOLDER_PATH}/UITabBarMostRecentTemplate@2x.png",
			);
			runOnlyForDeploymentPostprocessing = 0;
			shellPath = /bin/sh;
			shellScript = "\"${SRCROOT}/Pods/Target Support Files/Pods-XMAnnotationDemo/Pods-XMAnnotationDemo-resources.sh\"\n";
			showEnvVarsInLog = 0;
		};
		91C09166FAF3A83DD789C1B5 /* [CP] Embed Pods Frameworks */ = {
			isa = PBXShellScriptBuildPhase;
			buildActionMask = 2147483647;
			files = (
			);
			inputPaths = (
			);
			name = "[CP] Embed Pods Frameworks";
			outputPaths = (
			);
			runOnlyForDeploymentPostprocessing = 0;
			shellPath = /bin/sh;
			shellScript = "\"${SRCROOT}/Pods/Target Support Files/Pods-XMAnnotationDemo/Pods-XMAnnotationDemo-frameworks.sh\"\n";
			showEnvVarsInLog = 0;
		};
		9A4FE771E478AA4F1A8690A9 /* [CP] Check Pods Manifest.lock */ = {
			isa = PBXShellScriptBuildPhase;
			buildActionMask = 2147483647;
			files = (
			);
			inputPaths = (
				"${PODS_PODFILE_DIR_PATH}/Podfile.lock",
				"${PODS_ROOT}/Manifest.lock",
			);
			name = "[CP] Check Pods Manifest.lock";
			outputPaths = (
				"$(DERIVED_FILE_DIR)/Pods-XMAnnotationDemo-checkManifestLockResult.txt",
			);
			runOnlyForDeploymentPostprocessing = 0;
			shellPath = /bin/sh;
			shellScript = "diff \"${PODS_PODFILE_DIR_PATH}/Podfile.lock\" \"${PODS_ROOT}/Manifest.lock\" > /dev/null\nif [ $? != 0 ] ; then\n    # print error to STDERR\n    echo \"error: The sandbox is not in sync with the Podfile.lock. Run 'pod install' or update your CocoaPods installation.\" >&2\n    exit 1\nfi\n# This output is used by Xcode 'outputs' to avoid re-running this script phase.\necho \"SUCCESS\" > \"${SCRIPT_OUTPUT_FILE_0}\"\n";
			showEnvVarsInLog = 0;
		};
/* End PBXShellScriptBuildPhase section */

/* Begin PBXSourcesBuildPhase section */
		C309804720AC2D7500328B67 /* Sources */ = {
			isa = PBXSourcesBuildPhase;
			buildActionMask = 2147483647;
			files = (
				C309808F20AD57ED00328B67 /* XMAnnotationView.m in Sources */,
				C3F417C020AE6BA60036B3A7 /* XMVector.m in Sources */,
				C3D830BF20F8A4AB00671993 /* NSObject+Runtime.m in Sources */,
				C309808C20AD15C100328B67 /* UIBarButtonItem+CustomStyle.m in Sources */,
				C3F417D420AEA7260036B3A7 /* XMCalculate.m in Sources */,
				C309805320AC2D7500328B67 /* ViewController.m in Sources */,
				C3F417B620AD7ED80036B3A7 /* XMAnnotationInfo.m in Sources */,
				C341727F20F7803A008F2954 /* UIImage+Utilitly.m in Sources */,
				C309808920AD156A00328B67 /* JXNavigationController.m in Sources */,
				C309805E20AC2D7500328B67 /* main.m in Sources */,
				C3D830CB20FAE58500671993 /* NSString+RectSize.m in Sources */,
				C36E3D5E210358D6000C9975 /* XMBackgroundView.m in Sources */,
				C36E3D5A2102F0D2000C9975 /* UIImage+FixOrientation.m in Sources */,
				C3D830C220F9C53600671993 /* NSArray+Safety.m in Sources */,
				C309805020AC2D7500328B67 /* AppDelegate.m in Sources */,
				C309808220AC301B00328B67 /* AnnotationViewController.m in Sources */,
				C3F417BD20AE6B960036B3A7 /* XMMatrix.m in Sources */,
				C309808620AD14E400328B67 /* MainTabBarVC.m in Sources */,
			);
			runOnlyForDeploymentPostprocessing = 0;
		};
		C309805F20AC2D7500328B67 /* Sources */ = {
			isa = PBXSourcesBuildPhase;
			buildActionMask = 2147483647;
			files = (
				C309806820AC2D7500328B67 /* XMAnnotationDemoTests.m in Sources */,
			);
			runOnlyForDeploymentPostprocessing = 0;
		};
		C309806A20AC2D7500328B67 /* Sources */ = {
			isa = PBXSourcesBuildPhase;
			buildActionMask = 2147483647;
			files = (
				C309807320AC2D7500328B67 /* XMAnnotationDemoUITests.m in Sources */,
			);
			runOnlyForDeploymentPostprocessing = 0;
		};
/* End PBXSourcesBuildPhase section */

/* Begin PBXTargetDependency section */
		C309806520AC2D7500328B67 /* PBXTargetDependency */ = {
			isa = PBXTargetDependency;
			target = C309804A20AC2D7500328B67 /* XMAnnotationDemo */;
			targetProxy = C309806420AC2D7500328B67 /* PBXContainerItemProxy */;
		};
		C309807020AC2D7500328B67 /* PBXTargetDependency */ = {
			isa = PBXTargetDependency;
			target = C309804A20AC2D7500328B67 /* XMAnnotationDemo */;
			targetProxy = C309806F20AC2D7500328B67 /* PBXContainerItemProxy */;
		};
/* End PBXTargetDependency section */

/* Begin PBXVariantGroup section */
		C309805420AC2D7500328B67 /* Main.storyboard */ = {
			isa = PBXVariantGroup;
			children = (
				C309805520AC2D7500328B67 /* Base */,
			);
			name = Main.storyboard;
			sourceTree = "<group>";
		};
		C309805920AC2D7500328B67 /* LaunchScreen.storyboard */ = {
			isa = PBXVariantGroup;
			children = (
				C309805A20AC2D7500328B67 /* Base */,
			);
			name = LaunchScreen.storyboard;
			sourceTree = "<group>";
		};
/* End PBXVariantGroup section */

/* Begin XCBuildConfiguration section */
		C309807520AC2D7500328B67 /* Debug */ = {
			isa = XCBuildConfiguration;
			buildSettings = {
				ALWAYS_SEARCH_USER_PATHS = NO;
				CLANG_ANALYZER_NONNULL = YES;
				CLANG_ANALYZER_NUMBER_OBJECT_CONVERSION = YES_AGGRESSIVE;
				CLANG_CXX_LANGUAGE_STANDARD = "gnu++14";
				CLANG_CXX_LIBRARY = "libc++";
				CLANG_ENABLE_MODULES = YES;
				CLANG_ENABLE_OBJC_ARC = YES;
				CLANG_WARN_BLOCK_CAPTURE_AUTORELEASING = YES;
				CLANG_WARN_BOOL_CONVERSION = YES;
				CLANG_WARN_COMMA = YES;
				CLANG_WARN_CONSTANT_CONVERSION = YES;
				CLANG_WARN_DIRECT_OBJC_ISA_USAGE = YES_ERROR;
				CLANG_WARN_DOCUMENTATION_COMMENTS = YES;
				CLANG_WARN_EMPTY_BODY = YES;
				CLANG_WARN_ENUM_CONVERSION = YES;
				CLANG_WARN_INFINITE_RECURSION = YES;
				CLANG_WARN_INT_CONVERSION = YES;
				CLANG_WARN_NON_LITERAL_NULL_CONVERSION = YES;
				CLANG_WARN_OBJC_LITERAL_CONVERSION = YES;
				CLANG_WARN_OBJC_ROOT_CLASS = YES_ERROR;
				CLANG_WARN_RANGE_LOOP_ANALYSIS = YES;
				CLANG_WARN_STRICT_PROTOTYPES = YES;
				CLANG_WARN_SUSPICIOUS_MOVE = YES;
				CLANG_WARN_UNGUARDED_AVAILABILITY = YES_AGGRESSIVE;
				CLANG_WARN_UNREACHABLE_CODE = YES;
				CLANG_WARN__DUPLICATE_METHOD_MATCH = YES;
				CODE_SIGN_IDENTITY = "iPhone Developer";
				COPY_PHASE_STRIP = NO;
				DEBUG_INFORMATION_FORMAT = dwarf;
				ENABLE_STRICT_OBJC_MSGSEND = YES;
				ENABLE_TESTABILITY = YES;
				GCC_C_LANGUAGE_STANDARD = gnu11;
				GCC_DYNAMIC_NO_PIC = NO;
				GCC_NO_COMMON_BLOCKS = YES;
				GCC_OPTIMIZATION_LEVEL = 0;
				GCC_PREPROCESSOR_DEFINITIONS = (
					"DEBUG=1",
					"$(inherited)",
				);
				GCC_WARN_64_TO_32_BIT_CONVERSION = YES;
				GCC_WARN_ABOUT_RETURN_TYPE = YES_ERROR;
				GCC_WARN_UNDECLARED_SELECTOR = YES;
				GCC_WARN_UNINITIALIZED_AUTOS = YES_AGGRESSIVE;
				GCC_WARN_UNUSED_FUNCTION = YES;
				GCC_WARN_UNUSED_VARIABLE = YES;
				IPHONEOS_DEPLOYMENT_TARGET = 11.2;
				MTL_ENABLE_DEBUG_INFO = YES;
				ONLY_ACTIVE_ARCH = YES;
				SDKROOT = iphoneos;
			};
			name = Debug;
		};
		C309807620AC2D7500328B67 /* Release */ = {
			isa = XCBuildConfiguration;
			buildSettings = {
				ALWAYS_SEARCH_USER_PATHS = NO;
				CLANG_ANALYZER_NONNULL = YES;
				CLANG_ANALYZER_NUMBER_OBJECT_CONVERSION = YES_AGGRESSIVE;
				CLANG_CXX_LANGUAGE_STANDARD = "gnu++14";
				CLANG_CXX_LIBRARY = "libc++";
				CLANG_ENABLE_MODULES = YES;
				CLANG_ENABLE_OBJC_ARC = YES;
				CLANG_WARN_BLOCK_CAPTURE_AUTORELEASING = YES;
				CLANG_WARN_BOOL_CONVERSION = YES;
				CLANG_WARN_COMMA = YES;
				CLANG_WARN_CONSTANT_CONVERSION = YES;
				CLANG_WARN_DIRECT_OBJC_ISA_USAGE = YES_ERROR;
				CLANG_WARN_DOCUMENTATION_COMMENTS = YES;
				CLANG_WARN_EMPTY_BODY = YES;
				CLANG_WARN_ENUM_CONVERSION = YES;
				CLANG_WARN_INFINITE_RECURSION = YES;
				CLANG_WARN_INT_CONVERSION = YES;
				CLANG_WARN_NON_LITERAL_NULL_CONVERSION = YES;
				CLANG_WARN_OBJC_LITERAL_CONVERSION = YES;
				CLANG_WARN_OBJC_ROOT_CLASS = YES_ERROR;
				CLANG_WARN_RANGE_LOOP_ANALYSIS = YES;
				CLANG_WARN_STRICT_PROTOTYPES = YES;
				CLANG_WARN_SUSPICIOUS_MOVE = YES;
				CLANG_WARN_UNGUARDED_AVAILABILITY = YES_AGGRESSIVE;
				CLANG_WARN_UNREACHABLE_CODE = YES;
				CLANG_WARN__DUPLICATE_METHOD_MATCH = YES;
				CODE_SIGN_IDENTITY = "iPhone Developer";
				COPY_PHASE_STRIP = NO;
				DEBUG_INFORMATION_FORMAT = "dwarf-with-dsym";
				ENABLE_NS_ASSERTIONS = NO;
				ENABLE_STRICT_OBJC_MSGSEND = YES;
				GCC_C_LANGUAGE_STANDARD = gnu11;
				GCC_NO_COMMON_BLOCKS = YES;
				GCC_WARN_64_TO_32_BIT_CONVERSION = YES;
				GCC_WARN_ABOUT_RETURN_TYPE = YES_ERROR;
				GCC_WARN_UNDECLARED_SELECTOR = YES;
				GCC_WARN_UNINITIALIZED_AUTOS = YES_AGGRESSIVE;
				GCC_WARN_UNUSED_FUNCTION = YES;
				GCC_WARN_UNUSED_VARIABLE = YES;
				IPHONEOS_DEPLOYMENT_TARGET = 11.2;
				MTL_ENABLE_DEBUG_INFO = NO;
				SDKROOT = iphoneos;
				VALIDATE_PRODUCT = YES;
			};
			name = Release;
		};
		C309807820AC2D7500328B67 /* Debug */ = {
			isa = XCBuildConfiguration;
			baseConfigurationReference = 9C85C2FFC42277195867B40B /* Pods-XMAnnotationDemo.debug.xcconfig */;
			buildSettings = {
				ASSETCATALOG_COMPILER_APPICON_NAME = AppIcon;
				CODE_SIGN_STYLE = Automatic;
				DEVELOPMENT_TEAM = A472RUY7W3;
				GCC_PREFIX_HEADER = "$(SRCROOT)/XMAnnotationDemo/Header/prefixHeader.h";
				INFOPLIST_FILE = XMAnnotationDemo/Info.plist;
				LD_RUNPATH_SEARCH_PATHS = "$(inherited) @executable_path/Frameworks";
				PRODUCT_BUNDLE_IDENTIFIER = com.hzxcl.XMAnnotationDemo;
				PRODUCT_NAME = "$(TARGET_NAME)";
				TARGETED_DEVICE_FAMILY = "1,2";
			};
			name = Debug;
		};
		C309807920AC2D7500328B67 /* Release */ = {
			isa = XCBuildConfiguration;
			baseConfigurationReference = 60E210D3036AF75064799AE4 /* Pods-XMAnnotationDemo.release.xcconfig */;
			buildSettings = {
				ASSETCATALOG_COMPILER_APPICON_NAME = AppIcon;
				CODE_SIGN_STYLE = Automatic;
				DEVELOPMENT_TEAM = A472RUY7W3;
				GCC_PREFIX_HEADER = "$(SRCROOT)/XMAnnotationDemo/Header/prefixHeader.h";
				INFOPLIST_FILE = XMAnnotationDemo/Info.plist;
				LD_RUNPATH_SEARCH_PATHS = "$(inherited) @executable_path/Frameworks";
				PRODUCT_BUNDLE_IDENTIFIER = com.hzxcl.XMAnnotationDemo;
				PRODUCT_NAME = "$(TARGET_NAME)";
				TARGETED_DEVICE_FAMILY = "1,2";
			};
			name = Release;
		};
		C309807B20AC2D7500328B67 /* Debug */ = {
			isa = XCBuildConfiguration;
			buildSettings = {
				BUNDLE_LOADER = "$(TEST_HOST)";
				CODE_SIGN_STYLE = Automatic;
				INFOPLIST_FILE = XMAnnotationDemoTests/Info.plist;
				LD_RUNPATH_SEARCH_PATHS = "$(inherited) @executable_path/Frameworks @loader_path/Frameworks";
				PRODUCT_BUNDLE_IDENTIFIER = com.hzxcl.XMAnnotationDemoTests;
				PRODUCT_NAME = "$(TARGET_NAME)";
				TARGETED_DEVICE_FAMILY = "1,2";
				TEST_HOST = "$(BUILT_PRODUCTS_DIR)/XMAnnotationDemo.app/XMAnnotationDemo";
			};
			name = Debug;
		};
		C309807C20AC2D7500328B67 /* Release */ = {
			isa = XCBuildConfiguration;
			buildSettings = {
				BUNDLE_LOADER = "$(TEST_HOST)";
				CODE_SIGN_STYLE = Automatic;
				INFOPLIST_FILE = XMAnnotationDemoTests/Info.plist;
				LD_RUNPATH_SEARCH_PATHS = "$(inherited) @executable_path/Frameworks @loader_path/Frameworks";
				PRODUCT_BUNDLE_IDENTIFIER = com.hzxcl.XMAnnotationDemoTests;
				PRODUCT_NAME = "$(TARGET_NAME)";
				TARGETED_DEVICE_FAMILY = "1,2";
				TEST_HOST = "$(BUILT_PRODUCTS_DIR)/XMAnnotationDemo.app/XMAnnotationDemo";
			};
			name = Release;
		};
		C309807E20AC2D7500328B67 /* Debug */ = {
			isa = XCBuildConfiguration;
			buildSettings = {
				CODE_SIGN_STYLE = Automatic;
				INFOPLIST_FILE = XMAnnotationDemoUITests/Info.plist;
				LD_RUNPATH_SEARCH_PATHS = "$(inherited) @executable_path/Frameworks @loader_path/Frameworks";
				PRODUCT_BUNDLE_IDENTIFIER = com.hzxcl.XMAnnotationDemoUITests;
				PRODUCT_NAME = "$(TARGET_NAME)";
				TARGETED_DEVICE_FAMILY = "1,2";
				TEST_TARGET_NAME = XMAnnotationDemo;
			};
			name = Debug;
		};
		C309807F20AC2D7500328B67 /* Release */ = {
			isa = XCBuildConfiguration;
			buildSettings = {
				CODE_SIGN_STYLE = Automatic;
				INFOPLIST_FILE = XMAnnotationDemoUITests/Info.plist;
				LD_RUNPATH_SEARCH_PATHS = "$(inherited) @executable_path/Frameworks @loader_path/Frameworks";
				PRODUCT_BUNDLE_IDENTIFIER = com.hzxcl.XMAnnotationDemoUITests;
				PRODUCT_NAME = "$(TARGET_NAME)";
				TARGETED_DEVICE_FAMILY = "1,2";
				TEST_TARGET_NAME = XMAnnotationDemo;
			};
			name = Release;
		};
/* End XCBuildConfiguration section */

/* Begin XCConfigurationList section */
		C309804620AC2D7500328B67 /* Build configuration list for PBXProject "XMAnnotationDemo" */ = {
			isa = XCConfigurationList;
			buildConfigurations = (
				C309807520AC2D7500328B67 /* Debug */,
				C309807620AC2D7500328B67 /* Release */,
			);
			defaultConfigurationIsVisible = 0;
			defaultConfigurationName = Release;
		};
		C309807720AC2D7500328B67 /* Build configuration list for PBXNativeTarget "XMAnnotationDemo" */ = {
			isa = XCConfigurationList;
			buildConfigurations = (
				C309807820AC2D7500328B67 /* Debug */,
				C309807920AC2D7500328B67 /* Release */,
			);
			defaultConfigurationIsVisible = 0;
			defaultConfigurationName = Release;
		};
		C309807A20AC2D7500328B67 /* Build configuration list for PBXNativeTarget "XMAnnotationDemoTests" */ = {
			isa = XCConfigurationList;
			buildConfigurations = (
				C309807B20AC2D7500328B67 /* Debug */,
				C309807C20AC2D7500328B67 /* Release */,
			);
			defaultConfigurationIsVisible = 0;
			defaultConfigurationName = Release;
		};
		C309807D20AC2D7500328B67 /* Build configuration list for PBXNativeTarget "XMAnnotationDemoUITests" */ = {
			isa = XCConfigurationList;
			buildConfigurations = (
				C309807E20AC2D7500328B67 /* Debug */,
				C309807F20AC2D7500328B67 /* Release */,
			);
			defaultConfigurationIsVisible = 0;
			defaultConfigurationName = Release;
		};
/* End XCConfigurationList section */
	};
	rootObject = C309804320AC2D7500328B67 /* Project object */;
}
